{
  "pins" : [
    {
      "identity" : "swiftyhttp",
      "kind" : "remoteSourceControl",
      "location" : "https://github.com/antonio-war/SwiftyHTTP",
      "state" : {
        "revision" : "cc1cabe875ad0620820b35fc585d69f38e1acfcc",
        "version" : "0.1.2"
      }
    }
  ],
  "version" : 2
}
