{
  "pins" : [
    {
      "identity" : "swiftyhttp",
      "kind" : "remoteSourceControl",
      "location" : "https://github.com/antonio-war/SwiftyHTTP",
      "state" : {
        "revision" : "cd1437c5d5ea4fd87767d3af7b063dd9237a954a",
        "version" : "0.1.3"
      }
    }
  ],
  "version" : 2
}
